
Microsoft Visual Studio Solution File, Format Version 12.00
# Visual Studio Version 17
VisualStudioVersion = 17.1.32328.378
MinimumVisualStudioVersion = 10.0.40219.1
Project("{FAE04EC0-301F-11D3-BF4B-00C04F79EFBC}") = "TaiProject", "TaiProject\TaiProject.csproj", "{B70D1733-1B92-4CD6-9F77-A2BF9407AD0B}"
EndProject
Global
	GlobalSection(SolutionConfigurationPlatforms) = preSolution
		Debug|Any CPU = Debug|Any CPU
		Release|Any CPU = Release|Any CPU
	EndGlobalSection
	GlobalSection(ProjectConfigurationPlatforms) = postSolution
		{B70D1733-1B92-4CD6-9F77-A2BF9407AD0B}.Debug|Any CPU.ActiveCfg = Debug|Any CPU
		{B70D1733-1B92-4CD6-9F77-A2BF9407AD0B}.Debug|Any CPU.Build.0 = Debug|Any CPU
		{B70D1733-1B92-4CD6-9F77-A2BF9407AD0B}.Release|Any CPU.ActiveCfg = Release|Any CPU
		{B70D1733-1B92-4CD6-9F77-A2BF9407AD0B}.Release|Any CPU.Build.0 = Release|Any CPU
	EndGlobalSection
	GlobalSection(SolutionProperties) = preSolution
		HideSolutionNode = FALSE
	EndGlobalSection
	GlobalSection(ExtensibilityGlobals) = postSolution
		SolutionGuid = {E868BBAC-91CB-4567-9111-48AE3EABCC32}
	EndGlobalSection
EndGlobal
